Microsoft Visual Studio Solution File, Format Version 12.00
# Visual Studio Version 17
VisualStudioVersion = 17.6.33712.159
MinimumVisualStudioVersion = 10.0.40219.1
Project("{9A19103F-16F7-4668-BE54-9A1E7A4F7556}") = "MouseFlyer", "src\MouseFlyer\MouseFlyer.csproj", "{9A80A076-DDBB-4CEA-B42B-1DD84A7888F8}"
EndProject
Global
	GlobalSection(SolutionConfigurationPlatforms) = preSolution
		Debug|Any CPU = Debug|Any CPU
		Deploy|Any CPU = Deploy|Any CPU
		DeployAndRun|Any CPU = DeployAndRun|Any CPU
		Release|Any CPU = Release|Any CPU
	EndGlobalSection
	GlobalSection(ProjectConfigurationPlatforms) = postSolution
		{9A80A076-DDBB-4CEA-B42B-1DD84A7888F8}.Debug|Any CPU.ActiveCfg = Debug|Any CPU
		{9A80A076-DDBB-4CEA-B42B-1DD84A7888F8}.Debug|Any CPU.Build.0 = Debug|Any CPU
		{9A80A076-DDBB-4CEA-B42B-1DD84A7888F8}.Deploy|Any CPU.ActiveCfg = Deploy|Any CPU
		{9A80A076-DDBB-4CEA-B42B-1DD84A7888F8}.Deploy|Any CPU.Build.0 = Deploy|Any CPU
		{9A80A076-DDBB-4CEA-B42B-1DD84A7888F8}.DeployAndRun|Any CPU.ActiveCfg = DeployAndRun|Any CPU
		{9A80A076-DDBB-4CEA-B42B-1DD84A7888F8}.DeployAndRun|Any CPU.Build.0 = DeployAndRun|Any CPU
		{9A80A076-DDBB-4CEA-B42B-1DD84A7888F8}.Release|Any CPU.ActiveCfg = Release|Any CPU
		{9A80A076-DDBB-4CEA-B42B-1DD84A7888F8}.Release|Any CPU.Build.0 = Release|Any CPU
	EndGlobalSection
	GlobalSection(SolutionProperties) = preSolution
		HideSolutionNode = FALSE
	EndGlobalSection
EndGlobal
